
Microsoft Visual Studio Solution File, Format Version 12.00
# Visual Studio Version 16
VisualStudioVersion = 16.0.29820.132
MinimumVisualStudioVersion = 10.0.40219.1
Project("{9A19103F-16F7-4668-BE54-9A1E7A4F7556}") = "StoreMoovie", "StoreMoovie\StoreMoovie.csproj", "{5A38C643-004F-45E5-B4DE-8E8BA16EF7AF}"
EndProject
Global
	GlobalSection(SolutionConfigurationPlatforms) = preSolution
		Debug|Any CPU = Debug|Any CPU
		Release|Any CPU = Release|Any CPU
	EndGlobalSection
	GlobalSection(ProjectConfigurationPlatforms) = postSolution
		{5A38C643-004F-45E5-B4DE-8E8BA16EF7AF}.Debug|Any CPU.ActiveCfg = Debug|Any CPU
		{5A38C643-004F-45E5-B4DE-8E8BA16EF7AF}.Debug|Any CPU.Build.0 = Debug|Any CPU
		{5A38C643-004F-45E5-B4DE-8E8BA16EF7AF}.Release|Any CPU.ActiveCfg = Release|Any CPU
		{5A38C643-004F-45E5-B4DE-8E8BA16EF7AF}.Release|Any CPU.Build.0 = Release|Any CPU
	EndGlobalSection
	GlobalSection(SolutionProperties) = preSolution
		HideSolutionNode = FALSE
	EndGlobalSection
	GlobalSection(ExtensibilityGlobals) = postSolution
		SolutionGuid = {D5C3A7DA-DB3B-4FCA-B3C4-53E301D99BF8}
	EndGlobalSection
EndGlobal
